
Microsoft Visual Studio Solution File, Format Version 12.00
# Visual Studio 15
VisualStudioVersion = 15.0.27428.2005
MinimumVisualStudioVersion = 10.0.40219.1
Project("{FAE04EC0-301F-11D3-BF4B-00C04F79EFBC}") = "WasmFormsEmptyApp", "WasmFormsEmptyApp\WasmFormsEmptyApp.csproj", "{A9EF9E1F-258F-435C-A805-1EB18FA11C8E}"
EndProject
Global
	GlobalSection(SolutionConfigurationPlatforms) = preSolution
		Debug|Any CPU = Debug|Any CPU
		Release|Any CPU = Release|Any CPU
	EndGlobalSection
	GlobalSection(ProjectConfigurationPlatforms) = postSolution
		{A9EF9E1F-258F-435C-A805-1EB18FA11C8E}.Debug|Any CPU.ActiveCfg = Debug|Any CPU
		{A9EF9E1F-258F-435C-A805-1EB18FA11C8E}.Debug|Any CPU.Build.0 = Debug|Any CPU
		{A9EF9E1F-258F-435C-A805-1EB18FA11C8E}.Release|Any CPU.ActiveCfg = Release|Any CPU
		{A9EF9E1F-258F-435C-A805-1EB18FA11C8E}.Release|Any CPU.Build.0 = Release|Any CPU
	EndGlobalSection
	GlobalSection(SolutionProperties) = preSolution
		HideSolutionNode = FALSE
	EndGlobalSection
	GlobalSection(ExtensibilityGlobals) = postSolution
		SolutionGuid = {AF044A27-8E52-48FC-82F6-7C4AEFC62A97}
	EndGlobalSection
EndGlobal
